
Microsoft Visual Studio Solution File, Format Version 10.00
# Visual Studio 2008
Project("{8BC9CEB8-8B4A-11D0-8D11-00A0C91BC942}") = "grexp", "grexp.vcproj", "{1CD85D91-D527-3FBB-945D-35ECF2F98BCF}"
EndProject
Global
	GlobalSection(SolutionConfigurationPlatforms) = preSolution
		Debug|Win32 = Debug|Win32
		Release|Win32 = Release|Win32
	EndGlobalSection
	GlobalSection(ProjectConfigurationPlatforms) = postSolution
		{1CD85D91-D527-3FBB-945D-35ECF2F98BCF}.Debug|Win32.ActiveCfg = Debug|Win32
		{1CD85D91-D527-3FBB-945D-35ECF2F98BCF}.Debug|Win32.Build.0 = Debug|Win32
		{1CD85D91-D527-3FBB-945D-35ECF2F98BCF}.Release|Win32.ActiveCfg = Release|Win32
		{1CD85D91-D527-3FBB-945D-35ECF2F98BCF}.Release|Win32.Build.0 = Release|Win32
	EndGlobalSection
	GlobalSection(SolutionProperties) = preSolution
		HideSolutionNode = FALSE
	EndGlobalSection
EndGlobal
